
Microsoft Visual Studio Solution File, Format Version 12.00
# Visual Studio Version 17
VisualStudioVersion = 17.5.33414.496
MinimumVisualStudioVersion = 10.0.40219.1
Project("{FAE04EC0-301F-11D3-BF4B-00C04F79EFBC}") = "AzureWebApp1", "AzureWebApp1\AzureWebApp1.csproj", "{DA0449DE-DC11-4D65-9C50-291C5770F75C}"
EndProject
Global
	GlobalSection(SolutionConfigurationPlatforms) = preSolution
		Debug|Any CPU = Debug|Any CPU
		Release|Any CPU = Release|Any CPU
	EndGlobalSection
	GlobalSection(ProjectConfigurationPlatforms) = postSolution
		{DA0449DE-DC11-4D65-9C50-291C5770F75C}.Debug|Any CPU.ActiveCfg = Debug|Any CPU
		{DA0449DE-DC11-4D65-9C50-291C5770F75C}.Debug|Any CPU.Build.0 = Debug|Any CPU
		{DA0449DE-DC11-4D65-9C50-291C5770F75C}.Release|Any CPU.ActiveCfg = Release|Any CPU
		{DA0449DE-DC11-4D65-9C50-291C5770F75C}.Release|Any CPU.Build.0 = Release|Any CPU
	EndGlobalSection
	GlobalSection(SolutionProperties) = preSolution
		HideSolutionNode = FALSE
	EndGlobalSection
	GlobalSection(ExtensibilityGlobals) = postSolution
		SolutionGuid = {CCB8CBD4-5A64-4674-8BAB-F7981A05FC04}
	EndGlobalSection
EndGlobal
